// !$*UTF8*$!
{
	archiveVersion = 1;
	classes = {
	};
	objectVersion = 77;
	objects = {

/* Begin PBXBuildFile section */
		6A6571D22EBB91EF00EECF50 /* FirebaseAuth in Frameworks */ = {isa = PBXBuildFile; productRef = 6A6571D12EBB91EF00EECF50 /* FirebaseAuth */; };
		6A6571D42EBB91F900EECF50 /* FirebaseCore in Frameworks */ = {isa = PBXBuildFile; productRef = 6A6571D32EBB91F900EECF50 /* FirebaseCore */; };
		6A6571D62EBB920200EECF50 /* FirebaseFirestore in Frameworks */ = {isa = PBXBuildFile; productRef = 6A6571D52EBB920200EECF50 /* FirebaseFirestore */; };
/* End PBXBuildFile section */

/* Begin PBXContainerItemProxy section */
		6A6571A72EBAB89600EECF50 /* PBXContainerItemProxy */ = {
			isa = PBXContainerItemProxy;
			containerPortal = 6A6571902EBAB89400EECF50 /* Project object */;
			proxyType = 1;
			remoteGlobalIDString = 6A6571972EBAB89400EECF50;
			remoteInfo = "Frugal Wins";
		};
		6A6571B12EBAB89600EECF50 /* PBXContainerItemProxy */ = {
			isa = PBXContainerItemProxy;
			containerPortal = 6A6571902EBAB89400EECF50 /* Project object */;
			proxyType = 1;
			remoteGlobalIDString = 6A6571972EBAB89400EECF50;
			remoteInfo = "Frugal Wins";
		};
/* End PBXContainerItemProxy section */

/* Begin PBXFileReference section */
		6A6571982EBAB89400EECF50 /* Frugal Wins.app */ = {isa = PBXFileReference; explicitFileType = wrapper.application; includeInIndex = 0; path = "Frugal Wins.app"; sourceTree = BUILT_PRODUCTS_DIR; };
		6A6571A62EBAB89600EECF50 /* Frugal WinsTests.xctest */ = {isa = PBXFileReference; explicitFileType = wrapper.cfbundle; includeInIndex = 0; path = "Frugal WinsTests.xctest"; sourceTree = BUILT_PRODUCTS_DIR; };
		6A6571B02EBAB89600EECF50 /* Frugal WinsUITests.xctest */ = {isa = PBXFileReference; explicitFileType = wrapper.cfbundle; includeInIndex = 0; path = "Frugal WinsUITests.xctest"; sourceTree = BUILT_PRODUCTS_DIR; };
/* End PBXFileReference section */

/* Begin PBXFileSystemSynchronizedRootGroup section */
		6A65719A2EBAB89400EECF50 /* Frugal Wins */ = {
			isa = PBXFileSystemSynchronizedRootGroup;
			path = "Frugal Wins";
			sourceTree = "<group>";
		};
		6A6571A92EBAB89600EECF50 /* Frugal WinsTests */ = {
			isa = PBXFileSystemSynchronizedRootGroup;
			path = "Frugal WinsTests";
			sourceTree = "<group>";
		};
		6A6571B32EBAB89600EECF50 /* Frugal WinsUITests */ = {
			isa = PBXFileSystemSynchronizedRootGroup;
			path = "Frugal WinsUITests";
			sourceTree = "<group>";
		};
/* End PBXFileSystemSynchronizedRootGroup section */

/* Begin PBXFrameworksBuildPhase section */
		6A6571952EBAB89400EECF50 /* Frameworks */ = {
			isa = PBXFrameworksBuildPhase;
			buildActionMask = 2147483647;
			files = (
				6A6571D42EBB91F900EECF50 /* FirebaseCore in Frameworks */,
				6A6571D22EBB91EF00EECF50 /* FirebaseAuth in Frameworks */,
				6A6571D62EBB920200EECF50 /* FirebaseFirestore in Frameworks */,
			);
			runOnlyForDeploymentPostprocessing = 0;
		};
		6A6571A32EBAB89600EECF50 /* Frameworks */ = {
			isa = PBXFrameworksBuildPhase;
			buildActionMask = 2147483647;
			files = (
			);
			runOnlyForDeploymentPostprocessing = 0;
		};
		6A6571AD2EBAB89600EECF50 /* Frameworks */ = {
			isa = PBXFrameworksBuildPhase;
			buildActionMask = 2147483647;
			files = (
			);
			runOnlyForDeploymentPostprocessing = 0;
		};
/* End PBXFrameworksBuildPhase section */

/* Begin PBXGroup section */
		6A65718F2EBAB89400EECF50 = {
			isa = PBXGroup;
			children = (
				6A65719A2EBAB89400EECF50 /* Frugal Wins */,
				6A6571A92EBAB89600EECF50 /* Frugal WinsTests */,
				6A6571B32EBAB89600EECF50 /* Frugal WinsUITests */,
				6A6571D02EBB91EF00EECF50 /* Frameworks */,
				6A6571992EBAB89400EECF50 /* Products */,
			);
			sourceTree = "<group>";
		};
		6A6571992EBAB89400EECF50 /* Products */ = {
			isa = PBXGroup;
			children = (
				6A6571982EBAB89400EECF50 /* Frugal Wins.app */,
				6A6571A62EBAB89600EECF50 /* Frugal WinsTests.xctest */,
				6A6571B02EBAB89600EECF50 /* Frugal WinsUITests.xctest */,
			);
			name = Products;
			sourceTree = "<group>";
		};
		6A6571D02EBB91EF00EECF50 /* Frameworks */ = {
			isa = PBXGroup;
			children = (
			);
			name = Frameworks;
			sourceTree = "<group>";
		};
/* End PBXGroup section */

/* Begin PBXNativeTarget section */
		6A6571972EBAB89400EECF50 /* Frugal Wins */ = {
			isa = PBXNativeTarget;
			buildConfigurationList = 6A6571BA2EBAB89600EECF50 /* Build configuration list for PBXNativeTarget "Frugal Wins" */;
			buildPhases = (
				6A6571942EBAB89400EECF50 /* Sources */,
				6A6571952EBAB89400EECF50 /* Frameworks */,
				6A6571962EBAB89400EECF50 /* Resources */,
			);
			buildRules = (
			);
			dependencies = (
			);
			fileSystemSynchronizedGroups = (
				6A65719A2EBAB89400EECF50 /* Frugal Wins */,
			);
			name = "Frugal Wins";
			packageProductDependencies = (
				6A6571D12EBB91EF00EECF50 /* FirebaseAuth */,
				6A6571D32EBB91F900EECF50 /* FirebaseCore */,
				6A6571D52EBB920200EECF50 /* FirebaseFirestore */,
			);
			productName = "Frugal Wins";
			productReference = 6A6571982EBAB89400EECF50 /* Frugal Wins.app */;
			productType = "com.apple.product-type.application";
		};
		6A6571A52EBAB89600EECF50 /* Frugal WinsTests */ = {
			isa = PBXNativeTarget;
			buildConfigurationList = 6A6571BD2EBAB89600EECF50 /* Build configuration list for PBXNativeTarget "Frugal WinsTests" */;
			buildPhases = (
				6A6571A22EBAB89600EECF50 /* Sources */,
				6A6571A32EBAB89600EECF50 /* Frameworks */,
				6A6571A42EBAB89600EECF50 /* Resources */,
			);
			buildRules = (
			);
			dependencies = (
				6A6571A82EBAB89600EECF50 /* PBXTargetDependency */,
			);
			fileSystemSynchronizedGroups = (
				6A6571A92EBAB89600EECF50 /* Frugal WinsTests */,
			);
			name = "Frugal WinsTests";
			packageProductDependencies = (
			);
			productName = "Frugal WinsTests";
			productReference = 6A6571A62EBAB89600EECF50 /* Frugal WinsTests.xctest */;
			productType = "com.apple.product-type.bundle.unit-test";
		};
		6A6571AF2EBAB89600EECF50 /* Frugal WinsUITests */ = {
			isa = PBXNativeTarget;
			buildConfigurationList = 6A6571C02EBAB89600EECF50 /* Build configuration list for PBXNativeTarget "Frugal WinsUITests" */;
			buildPhases = (
				6A6571AC2EBAB89600EECF50 /* Sources */,
				6A6571AD2EBAB89600EECF50 /* Frameworks */,
				6A6571AE2EBAB89600EECF50 /* Resources */,
			);
			buildRules = (
			);
			dependencies = (
				6A6571B22EBAB89600EECF50 /* PBXTargetDependency */,
			);
			fileSystemSynchronizedGroups = (
				6A6571B32EBAB89600EECF50 /* Frugal WinsUITests */,
			);
			name = "Frugal WinsUITests";
			packageProductDependencies = (
			);
			productName = "Frugal WinsUITests";
			productReference = 6A6571B02EBAB89600EECF50 /* Frugal WinsUITests.xctest */;
			productType = "com.apple.product-type.bundle.ui-testing";
		};
/* End PBXNativeTarget section */

/* Begin PBXProject section */
		6A6571902EBAB89400EECF50 /* Project object */ = {
			isa = PBXProject;
			attributes = {
				BuildIndependentTargetsInParallel = 1;
				LastSwiftUpdateCheck = 1640;
				LastUpgradeCheck = 1640;
				TargetAttributes = {
					6A6571972EBAB89400EECF50 = {
						CreatedOnToolsVersion = 16.4;
					};
					6A6571A52EBAB89600EECF50 = {
						CreatedOnToolsVersion = 16.4;
						TestTargetID = 6A6571972EBAB89400EECF50;
					};
					6A6571AF2EBAB89600EECF50 = {
						CreatedOnToolsVersion = 16.4;
						TestTargetID = 6A6571972EBAB89400EECF50;
					};
				};
			};
			buildConfigurationList = 6A6571932EBAB89400EECF50 /* Build configuration list for PBXProject "Frugal Wins" */;
			developmentRegion = en;
			hasScannedForEncodings = 0;
			knownRegions = (
				en,
				Base,
			);
			mainGroup = 6A65718F2EBAB89400EECF50;
			minimizedProjectReferenceProxies = 1;
			packageReferences = (
				6A6571C32EBABA9000EECF50 /* XCRemoteSwiftPackageReference "firebase-ios-sdk" */,
			);
			preferredProjectObjectVersion = 77;
			productRefGroup = 6A6571992EBAB89400EECF50 /* Products */;
			projectDirPath = "";
			projectRoot = "";
			targets = (
				6A6571972EBAB89400EECF50 /* Frugal Wins */,
				6A6571A52EBAB89600EECF50 /* Frugal WinsTests */,
				6A6571AF2EBAB89600EECF50 /* Frugal WinsUITests */,
			);
		};
/* End PBXProject section */

/* Begin PBXResourcesBuildPhase section */
		6A6571962EBAB89400EECF50 /* Resources */ = {
			isa = PBXResourcesBuildPhase;
			buildActionMask = 2147483647;
			files = (
			);
			runOnlyForDeploymentPostprocessing = 0;
		};
		6A6571A42EBAB89600EECF50 /* Resources */ = {
			isa = PBXResourcesBuildPhase;
			buildActionMask = 2147483647;
			files = (
			);
			runOnlyForDeploymentPostprocessing = 0;
		};
		6A6571AE2EBAB89600EECF50 /* Resources */ = {
			isa = PBXResourcesBuildPhase;
			buildActionMask = 2147483647;
			files = (
			);
			runOnlyForDeploymentPostprocessing = 0;
		};
/* End PBXResourcesBuildPhase section */

/* Begin PBXSourcesBuildPhase section */
		6A6571942EBAB89400EECF50 /* Sources */ = {
			isa = PBXSourcesBuildPhase;
			buildActionMask = 2147483647;
			files = (
			);
			runOnlyForDeploymentPostprocessing = 0;
		};
		6A6571A22EBAB89600EECF50 /* Sources */ = {
			isa = PBXSourcesBuildPhase;
			buildActionMask = 2147483647;
			files = (
			);
			runOnlyForDeploymentPostprocessing = 0;
		};
		6A6571AC2EBAB89600EECF50 /* Sources */ = {
			isa = PBXSourcesBuildPhase;
			buildActionMask = 2147483647;
			files = (
			);
			runOnlyForDeploymentPostprocessing = 0;
		};
/* End PBXSourcesBuildPhase section */

/* Begin PBXTargetDependency section */
		6A6571A82EBAB89600EECF50 /* PBXTargetDependency */ = {
			isa = PBXTargetDependency;
			target = 6A6571972EBAB89400EECF50 /* Frugal Wins */;
			targetProxy = 6A6571A72EBAB89600EECF50 /* PBXContainerItemProxy */;
		};
		6A6571B22EBAB89600EECF50 /* PBXTargetDependency */ = {
			isa = PBXTargetDependency;
			target = 6A6571972EBAB89400EECF50 /* Frugal Wins */;
			targetProxy = 6A6571B12EBAB89600EECF50 /* PBXContainerItemProxy */;
		};
/* End PBXTargetDependency section */

/* Begin XCBuildConfiguration section */
		6A6571B82EBAB89600EECF50 /* Debug */ = {
			isa = XCBuildConfiguration;
			buildSettings = {
				ALWAYS_SEARCH_USER_PATHS = NO;
				ASSETCATALOG_COMPILER_GENERATE_SWIFT_ASSET_SYMBOL_EXTENSIONS = YES;
				CLANG_ANALYZER_NONNULL = YES;
				CLANG_ANALYZER_NUMBER_OBJECT_CONVERSION = YES_AGGRESSIVE;
				CLANG_CXX_LANGUAGE_STANDARD = "gnu++20";
				CLANG_ENABLE_MODULES = YES;
				CLANG_ENABLE_OBJC_ARC = YES;
				CLANG_ENABLE_OBJC_WEAK = YES;
				CLANG_WARN_BLOCK_CAPTURE_AUTORELEASING = YES;
				CLANG_WARN_BOOL_CONVERSION = YES;
				CLANG_WARN_COMMA = YES;
				CLANG_WARN_CONSTANT_CONVERSION = YES;
				CLANG_WARN_DEPRECATED_OBJC_IMPLEMENTATIONS = YES;
				CLANG_WARN_DIRECT_OBJC_ISA_USAGE = YES_ERROR;
				CLANG_WARN_DOCUMENTATION_COMMENTS = YES;
				CLANG_WARN_EMPTY_BODY = YES;
				CLANG_WARN_ENUM_CONVERSION = YES;
				CLANG_WARN_INFINITE_RECURSION = YES;
				CLANG_WARN_INT_CONVERSION = YES;
				CLANG_WARN_NON_LITERAL_NULL_CONVERSION = YES;
				CLANG_WARN_OBJC_IMPLICIT_RETAIN_SELF = YES;
				CLANG_WARN_OBJC_LITERAL_CONVERSION = YES;
				CLANG_WARN_OBJC_ROOT_CLASS = YES_ERROR;
				CLANG_WARN_QUOTED_INCLUDE_IN_FRAMEWORK_HEADER = YES;
				CLANG_WARN_RANGE_LOOP_ANALYSIS = YES;
				CLANG_WARN_STRICT_PROTOTYPES = YES;
				CLANG_WARN_SUSPICIOUS_MOVE = YES;
				CLANG_WARN_UNGUARDED_AVAILABILITY = YES_AGGRESSIVE;
				CLANG_WARN_UNREACHABLE_CODE = YES;
				CLANG_WARN__DUPLICATE_METHOD_MATCH = YES;
				COPY_PHASE_STRIP = NO;
				DEBUG_INFORMATION_FORMAT = dwarf;
				ENABLE_STRICT_OBJC_MSGSEND = YES;
				ENABLE_TESTABILITY = YES;
				ENABLE_USER_SCRIPT_SANDBOXING = YES;
				GCC_C_LANGUAGE_STANDARD = gnu17;
				GCC_DYNAMIC_NO_PIC = NO;
				GCC_NO_COMMON_BLOCKS = YES;
				GCC_OPTIMIZATION_LEVEL = 0;
				GCC_PREPROCESSOR_DEFINITIONS = (
					"DEBUG=1",
					"$(inherited)",
				);
				GCC_WARN_64_TO_32_BIT_CONVERSION = YES;
				GCC_WARN_ABOUT_RETURN_TYPE = YES_ERROR;
				GCC_WARN_UNDECLARED_SELECTOR = YES;
				GCC_WARN_UNINITIALIZED_AUTOS = YES_AGGRESSIVE;
				GCC_WARN_UNUSED_FUNCTION = YES;
				GCC_WARN_UNUSED_VARIABLE = YES;
				LOCALIZATION_PREFERS_STRING_CATALOGS = YES;
				MTL_ENABLE_DEBUG_INFO = INCLUDE_SOURCE;
				MTL_FAST_MATH = YES;
				ONLY_ACTIVE_ARCH = YES;
				SWIFT_ACTIVE_COMPILATION_CONDITIONS = "DEBUG $(inherited)";
				SWIFT_OPTIMIZATION_LEVEL = "-Onone";
			};
			name = Debug;
		};
		6A6571B92EBAB89600EECF50 /* Release */ = {
			isa = XCBuildConfiguration;
			buildSettings = {
				ALWAYS_SEARCH_USER_PATHS = NO;
				ASSETCATALOG_COMPILER_GENERATE_SWIFT_ASSET_SYMBOL_EXTENSIONS = YES;
				CLANG_ANALYZER_NONNULL = YES;
				CLANG_ANALYZER_NUMBER_OBJECT_CONVERSION = YES_AGGRESSIVE;
				CLANG_CXX_LANGUAGE_STANDARD = "gnu++20";
				CLANG_ENABLE_MODULES = YES;
				CLANG_ENABLE_OBJC_ARC = YES;
				CLANG_ENABLE_OBJC_WEAK = YES;
				CLANG_WARN_BLOCK_CAPTURE_AUTORELEASING = YES;
				CLANG_WARN_BOOL_CONVERSION = YES;
				CLANG_WARN_COMMA = YES;
				CLANG_WARN_CONSTANT_CONVERSION = YES;
				CLANG_WARN_DEPRECATED_OBJC_IMPLEMENTATIONS = YES;
				CLANG_WARN_DIRECT_OBJC_ISA_USAGE = YES_ERROR;
				CLANG_WARN_DOCUMENTATION_COMMENTS = YES;
				CLANG_WARN_EMPTY_BODY = YES;
				CLANG_WARN_ENUM_CONVERSION = YES;
				CLANG_WARN_INFINITE_RECURSION = YES;
				CLANG_WARN_INT_CONVERSION = YES;
				CLANG_WARN_NON_LITERAL_NULL_CONVERSION = YES;
				CLANG_WARN_OBJC_IMPLICIT_RETAIN_SELF = YES;
				CLANG_WARN_OBJC_LITERAL_CONVERSION = YES;
				CLANG_WARN_OBJC_ROOT_CLASS = YES_ERROR;
				CLANG_WARN_QUOTED_INCLUDE_IN_FRAMEWORK_HEADER = YES;
				CLANG_WARN_RANGE_LOOP_ANALYSIS = YES;
				CLANG_WARN_STRICT_PROTOTYPES = YES;
				CLANG_WARN_SUSPICIOUS_MOVE = YES;
				CLANG_WARN_UNGUARDED_AVAILABILITY = YES_AGGRESSIVE;
				CLANG_WARN_UNREACHABLE_CODE = YES;
				CLANG_WARN__DUPLICATE_METHOD_MATCH = YES;
				COPY_PHASE_STRIP = NO;
				DEBUG_INFORMATION_FORMAT = "dwarf-with-dsym";
				ENABLE_NS_ASSERTIONS = NO;
				ENABLE_STRICT_OBJC_MSGSEND = YES;
				ENABLE_USER_SCRIPT_SANDBOXING = YES;
				GCC_C_LANGUAGE_STANDARD = gnu17;
				GCC_NO_COMMON_BLOCKS = YES;
				GCC_WARN_64_TO_32_BIT_CONVERSION = YES;
				GCC_WARN_ABOUT_RETURN_TYPE = YES_ERROR;
				GCC_WARN_UNDECLARED_SELECTOR = YES;
				GCC_WARN_UNINITIALIZED_AUTOS = YES_AGGRESSIVE;
				GCC_WARN_UNUSED_FUNCTION = YES;
				GCC_WARN_UNUSED_VARIABLE = YES;
				LOCALIZATION_PREFERS_STRING_CATALOGS = YES;
				MTL_ENABLE_DEBUG_INFO = NO;
				MTL_FAST_MATH = YES;
				SWIFT_COMPILATION_MODE = wholemodule;
			};
			name = Release;
		};
		6A6571BB2EBAB89600EECF50 /* Debug */ = {
			isa = XCBuildConfiguration;
			buildSettings = {
				ASSETCATALOG_COMPILER_APPICON_NAME = AppIcon;
				ASSETCATALOG_COMPILER_GLOBAL_ACCENT_COLOR_NAME = AccentColor;
				CODE_SIGN_ENTITLEMENTS = "Frugal Wins/Frugal_Wins.entitlements";
				CODE_SIGN_STYLE = Automatic;
				CURRENT_PROJECT_VERSION = 1;
				ENABLE_PREVIEWS = YES;
				GENERATE_INFOPLIST_FILE = YES;
				"INFOPLIST_KEY_UIApplicationSceneManifest_Generation[sdk=iphoneos*]" = YES;
				"INFOPLIST_KEY_UIApplicationSceneManifest_Generation[sdk=iphonesimulator*]" = YES;
				"INFOPLIST_KEY_UIApplicationSupportsIndirectInputEvents[sdk=iphoneos*]" = YES;
				"INFOPLIST_KEY_UIApplicationSupportsIndirectInputEvents[sdk=iphonesimulator*]" = YES;
				"INFOPLIST_KEY_UILaunchScreen_Generation[sdk=iphoneos*]" = YES;
				"INFOPLIST_KEY_UILaunchScreen_Generation[sdk=iphonesimulator*]" = YES;
				"INFOPLIST_KEY_UIStatusBarStyle[sdk=iphoneos*]" = UIStatusBarStyleDefault;
				"INFOPLIST_KEY_UIStatusBarStyle[sdk=iphonesimulator*]" = UIStatusBarStyleDefault;
				INFOPLIST_KEY_UISupportedInterfaceOrientations_iPad = "UIInterfaceOrientationPortrait UIInterfaceOrientationPortraitUpsideDown UIInterfaceOrientationLandscapeLeft UIInterfaceOrientationLandscapeRight";
				INFOPLIST_KEY_UISupportedInterfaceOrientations_iPhone = "UIInterfaceOrientationPortrait UIInterfaceOrientationLandscapeLeft UIInterfaceOrientationLandscapeRight";
				IPHONEOS_DEPLOYMENT_TARGET = 18.5;
				LD_RUNPATH_SEARCH_PATHS = "@executable_path/Frameworks";
				"LD_RUNPATH_SEARCH_PATHS[sdk=macosx*]" = "@executable_path/../Frameworks";
				MACOSX_DEPLOYMENT_TARGET = 15.5;
				MARKETING_VERSION = 1.0;
				PRODUCT_BUNDLE_IDENTIFIER = "com.unnecessarilycomplicated.Frugal-Wins.Frugal-Wins";
				PRODUCT_NAME = "$(TARGET_NAME)";
				REGISTER_APP_GROUPS = YES;
				SDKROOT = auto;
				SUPPORTED_PLATFORMS = "iphoneos iphonesimulator macosx xros xrsimulator";
				SWIFT_EMIT_LOC_STRINGS = YES;
				SWIFT_VERSION = 5.0;
				TARGETED_DEVICE_FAMILY = "1,2,7";
				XROS_DEPLOYMENT_TARGET = 2.5;
			};
			name = Debug;
		};
		6A6571BC2EBAB89600EECF50 /* Release */ = {
			isa = XCBuildConfiguration;
			buildSettings = {
				ASSETCATALOG_COMPILER_APPICON_NAME = AppIcon;
				ASSETCATALOG_COMPILER_GLOBAL_ACCENT_COLOR_NAME = AccentColor;
				CODE_SIGN_ENTITLEMENTS = "Frugal Wins/Frugal_Wins.entitlements";
				CODE_SIGN_STYLE = Automatic;
				CURRENT_PROJECT_VERSION = 1;
				ENABLE_PREVIEWS = YES;
				GENERATE_INFOPLIST_FILE = YES;
				"INFOPLIST_KEY_UIApplicationSceneManifest_Generation[sdk=iphoneos*]" = YES;
				"INFOPLIST_KEY_UIApplicationSceneManifest_Generation[sdk=iphonesimulator*]" = YES;
				"INFOPLIST_KEY_UIApplicationSupportsIndirectInputEvents[sdk=iphoneos*]" = YES;
				"INFOPLIST_KEY_UIApplicationSupportsIndirectInputEvents[sdk=iphonesimulator*]" = YES;
				"INFOPLIST_KEY_UILaunchScreen_Generation[sdk=iphoneos*]" = YES;
				"INFOPLIST_KEY_UILaunchScreen_Generation[sdk=iphonesimulator*]" = YES;
				"INFOPLIST_KEY_UIStatusBarStyle[sdk=iphoneos*]" = UIStatusBarStyleDefault;
				"INFOPLIST_KEY_UIStatusBarStyle[sdk=iphonesimulator*]" = UIStatusBarStyleDefault;
				INFOPLIST_KEY_UISupportedInterfaceOrientations_iPad = "UIInterfaceOrientationPortrait UIInterfaceOrientationPortraitUpsideDown UIInterfaceOrientationLandscapeLeft UIInterfaceOrientationLandscapeRight";
				INFOPLIST_KEY_UISupportedInterfaceOrientations_iPhone = "UIInterfaceOrientationPortrait UIInterfaceOrientationLandscapeLeft UIInterfaceOrientationLandscapeRight";
				IPHONEOS_DEPLOYMENT_TARGET = 18.5;
				LD_RUNPATH_SEARCH_PATHS = "@executable_path/Frameworks";
				"LD_RUNPATH_SEARCH_PATHS[sdk=macosx*]" = "@executable_path/../Frameworks";
				MACOSX_DEPLOYMENT_TARGET = 15.5;
				MARKETING_VERSION = 1.0;
				PRODUCT_BUNDLE_IDENTIFIER = "com.unnecessarilycomplicated.Frugal-Wins.Frugal-Wins";
				PRODUCT_NAME = "$(TARGET_NAME)";
				REGISTER_APP_GROUPS = YES;
				SDKROOT = auto;
				SUPPORTED_PLATFORMS = "iphoneos iphonesimulator macosx xros xrsimulator";
				SWIFT_EMIT_LOC_STRINGS = YES;
				SWIFT_VERSION = 5.0;
				TARGETED_DEVICE_FAMILY = "1,2,7";
				XROS_DEPLOYMENT_TARGET = 2.5;
			};
			name = Release;
		};
		6A6571BE2EBAB89600EECF50 /* Debug */ = {
			isa = XCBuildConfiguration;
			buildSettings = {
				BUNDLE_LOADER = "$(TEST_HOST)";
				CODE_SIGN_STYLE = Automatic;
				CURRENT_PROJECT_VERSION = 1;
				GENERATE_INFOPLIST_FILE = YES;
				IPHONEOS_DEPLOYMENT_TARGET = 18.5;
				MACOSX_DEPLOYMENT_TARGET = 15.5;
				MARKETING_VERSION = 1.0;
				PRODUCT_BUNDLE_IDENTIFIER = "com.unnecessarilycomplicated.Frugal-Wins.Frugal-WinsTests";
				PRODUCT_NAME = "$(TARGET_NAME)";
				SDKROOT = auto;
				SUPPORTED_PLATFORMS = "iphoneos iphonesimulator macosx xros xrsimulator";
				SWIFT_EMIT_LOC_STRINGS = NO;
				SWIFT_VERSION = 5.0;
				TARGETED_DEVICE_FAMILY = "1,2,7";
				TEST_HOST = "$(BUILT_PRODUCTS_DIR)/Frugal Wins.app/$(BUNDLE_EXECUTABLE_FOLDER_PATH)/Frugal Wins";
				XROS_DEPLOYMENT_TARGET = 2.5;
			};
			name = Debug;
		};
		6A6571BF2EBAB89600EECF50 /* Release */ = {
			isa = XCBuildConfiguration;
			buildSettings = {
				BUNDLE_LOADER = "$(TEST_HOST)";
				CODE_SIGN_STYLE = Automatic;
				CURRENT_PROJECT_VERSION = 1;
				GENERATE_INFOPLIST_FILE = YES;
				IPHONEOS_DEPLOYMENT_TARGET = 18.5;
				MACOSX_DEPLOYMENT_TARGET = 15.5;
				MARKETING_VERSION = 1.0;
				PRODUCT_BUNDLE_IDENTIFIER = "com.unnecessarilycomplicated.Frugal-Wins.Frugal-WinsTests";
				PRODUCT_NAME = "$(TARGET_NAME)";
				SDKROOT = auto;
				SUPPORTED_PLATFORMS = "iphoneos iphonesimulator macosx xros xrsimulator";
				SWIFT_EMIT_LOC_STRINGS = NO;
				SWIFT_VERSION = 5.0;
				TARGETED_DEVICE_FAMILY = "1,2,7";
				TEST_HOST = "$(BUILT_PRODUCTS_DIR)/Frugal Wins.app/$(BUNDLE_EXECUTABLE_FOLDER_PATH)/Frugal Wins";
				XROS_DEPLOYMENT_TARGET = 2.5;
			};
			name = Release;
		};
		6A6571C12EBAB89600EECF50 /* Debug */ = {
			isa = XCBuildConfiguration;
			buildSettings = {
				CODE_SIGN_STYLE = Automatic;
				CURRENT_PROJECT_VERSION = 1;
				GENERATE_INFOPLIST_FILE = YES;
				IPHONEOS_DEPLOYMENT_TARGET = 18.5;
				MACOSX_DEPLOYMENT_TARGET = 15.5;
				MARKETING_VERSION = 1.0;
				PRODUCT_BUNDLE_IDENTIFIER = "com.unnecessarilycomplicated.Frugal-Wins.Frugal-WinsUITests";
				PRODUCT_NAME = "$(TARGET_NAME)";
				SDKROOT = auto;
				SUPPORTED_PLATFORMS = "iphoneos iphonesimulator macosx xros xrsimulator";
				SWIFT_EMIT_LOC_STRINGS = NO;
				SWIFT_VERSION = 5.0;
				TARGETED_DEVICE_FAMILY = "1,2,7";
				TEST_TARGET_NAME = "Frugal Wins";
				XROS_DEPLOYMENT_TARGET = 2.5;
			};
			name = Debug;
		};
		6A6571C22EBAB89600EECF50 /* Release */ = {
			isa = XCBuildConfiguration;
			buildSettings = {
				CODE_SIGN_STYLE = Automatic;
				CURRENT_PROJECT_VERSION = 1;
				GENERATE_INFOPLIST_FILE = YES;
				IPHONEOS_DEPLOYMENT_TARGET = 18.5;
				MACOSX_DEPLOYMENT_TARGET = 15.5;
				MARKETING_VERSION = 1.0;
				PRODUCT_BUNDLE_IDENTIFIER = "com.unnecessarilycomplicated.Frugal-Wins.Frugal-WinsUITests";
				PRODUCT_NAME = "$(TARGET_NAME)";
				SDKROOT = auto;
				SUPPORTED_PLATFORMS = "iphoneos iphonesimulator macosx xros xrsimulator";
				SWIFT_EMIT_LOC_STRINGS = NO;
				SWIFT_VERSION = 5.0;
				TARGETED_DEVICE_FAMILY = "1,2,7";
				TEST_TARGET_NAME = "Frugal Wins";
				XROS_DEPLOYMENT_TARGET = 2.5;
			};
			name = Release;
		};
/* End XCBuildConfiguration section */

/* Begin XCConfigurationList section */
		6A6571932EBAB89400EECF50 /* Build configuration list for PBXProject "Frugal Wins" */ = {
			isa = XCConfigurationList;
			buildConfigurations = (
				6A6571B82EBAB89600EECF50 /* Debug */,
				6A6571B92EBAB89600EECF50 /* Release */,
			);
			defaultConfigurationIsVisible = 0;
			defaultConfigurationName = Release;
		};
		6A6571BA2EBAB89600EECF50 /* Build configuration list for PBXNativeTarget "Frugal Wins" */ = {
			isa = XCConfigurationList;
			buildConfigurations = (
				6A6571BB2EBAB89600EECF50 /* Debug */,
				6A6571BC2EBAB89600EECF50 /* Release */,
			);
			defaultConfigurationIsVisible = 0;
			defaultConfigurationName = Release;
		};
		6A6571BD2EBAB89600EECF50 /* Build configuration list for PBXNativeTarget "Frugal WinsTests" */ = {
			isa = XCConfigurationList;
			buildConfigurations = (
				6A6571BE2EBAB89600EECF50 /* Debug */,
				6A6571BF2EBAB89600EECF50 /* Release */,
			);
			defaultConfigurationIsVisible = 0;
			defaultConfigurationName = Release;
		};
		6A6571C02EBAB89600EECF50 /* Build configuration list for PBXNativeTarget "Frugal WinsUITests" */ = {
			isa = XCConfigurationList;
			buildConfigurations = (
				6A6571C12EBAB89600EECF50 /* Debug */,
				6A6571C22EBAB89600EECF50 /* Release */,
			);
			defaultConfigurationIsVisible = 0;
			defaultConfigurationName = Release;
		};
/* End XCConfigurationList section */

/* Begin XCRemoteSwiftPackageReference section */
		6A6571C32EBABA9000EECF50 /* XCRemoteSwiftPackageReference "firebase-ios-sdk" */ = {
			isa = XCRemoteSwiftPackageReference;
			repositoryURL = "https://github.com/firebase/firebase-ios-sdk";
			requirement = {
				kind = upToNextMajorVersion;
				minimumVersion = 12.5.0;
			};
		};
/* End XCRemoteSwiftPackageReference section */

/* Begin XCSwiftPackageProductDependency section */
		6A6571D12EBB91EF00EECF50 /* FirebaseAuth */ = {
			isa = XCSwiftPackageProductDependency;
			package = 6A6571C32EBABA9000EECF50 /* XCRemoteSwiftPackageReference "firebase-ios-sdk" */;
			productName = FirebaseAuth;
		};
		6A6571D32EBB91F900EECF50 /* FirebaseCore */ = {
			isa = XCSwiftPackageProductDependency;
			package = 6A6571C32EBABA9000EECF50 /* XCRemoteSwiftPackageReference "firebase-ios-sdk" */;
			productName = FirebaseCore;
		};
		6A6571D52EBB920200EECF50 /* FirebaseFirestore */ = {
			isa = XCSwiftPackageProductDependency;
			package = 6A6571C32EBABA9000EECF50 /* XCRemoteSwiftPackageReference "firebase-ios-sdk" */;
			productName = FirebaseFirestore;
		};
/* End XCSwiftPackageProductDependency section */
	};
	rootObject = 6A6571902EBAB89400EECF50 /* Project object */;
}
